
Microsoft Visual Studio Solution File, Format Version 12.00
Project("{FAE04EC0-301F-11D3-BF4B-00C04F79EFBC}") = "ContractRepository", "ContractRepository\ContractRepository.csproj", "{D8DFD4C5-2489-4013-84BE-A1BF2830FDE7}"
EndProject
Project("{FAE04EC0-301F-11D3-BF4B-00C04F79EFBC}") = "RepoApi", "RepoApi\RepoApi.csproj", "{12ED1E60-15ED-4D82-AE7D-308C9D056D0D}"
EndProject
Project("{FAE04EC0-301F-11D3-BF4B-00C04F79EFBC}") = "PkiApi", "PkiApi\PkiApi.csproj", "{431A5D98-16E5-42EC-AF78-469305DBD057}"
EndProject
Global
	GlobalSection(SolutionConfigurationPlatforms) = preSolution
		Debug|Any CPU = Debug|Any CPU
		Release|Any CPU = Release|Any CPU
	EndGlobalSection
	GlobalSection(ProjectConfigurationPlatforms) = postSolution
		{D8DFD4C5-2489-4013-84BE-A1BF2830FDE7}.Debug|Any CPU.ActiveCfg = Debug|Any CPU
		{D8DFD4C5-2489-4013-84BE-A1BF2830FDE7}.Debug|Any CPU.Build.0 = Debug|Any CPU
		{D8DFD4C5-2489-4013-84BE-A1BF2830FDE7}.Release|Any CPU.ActiveCfg = Release|Any CPU
		{D8DFD4C5-2489-4013-84BE-A1BF2830FDE7}.Release|Any CPU.Build.0 = Release|Any CPU
		{12ED1E60-15ED-4D82-AE7D-308C9D056D0D}.Debug|Any CPU.ActiveCfg = Debug|Any CPU
		{12ED1E60-15ED-4D82-AE7D-308C9D056D0D}.Debug|Any CPU.Build.0 = Debug|Any CPU
		{12ED1E60-15ED-4D82-AE7D-308C9D056D0D}.Release|Any CPU.ActiveCfg = Release|Any CPU
		{12ED1E60-15ED-4D82-AE7D-308C9D056D0D}.Release|Any CPU.Build.0 = Release|Any CPU
		{431A5D98-16E5-42EC-AF78-469305DBD057}.Debug|Any CPU.ActiveCfg = Debug|Any CPU
		{431A5D98-16E5-42EC-AF78-469305DBD057}.Debug|Any CPU.Build.0 = Debug|Any CPU
		{431A5D98-16E5-42EC-AF78-469305DBD057}.Release|Any CPU.ActiveCfg = Release|Any CPU
		{431A5D98-16E5-42EC-AF78-469305DBD057}.Release|Any CPU.Build.0 = Release|Any CPU
	EndGlobalSection
EndGlobal
